
Microsoft Visual Studio Solution File, Format Version 12.00
# Visual Studio Version 17
VisualStudioVersion = 17.13.35931.197
MinimumVisualStudioVersion = 10.0.40219.1
Project("{FAE04EC0-301F-11D3-BF4B-00C04F79EFBC}") = "CompanyEmployees", "CompanyEmployees\CompanyEmployees.csproj", "{AD12E407-AA32-469E-845A-E9A54F9F912D}"
EndProject
Project("{FAE04EC0-301F-11D3-BF4B-00C04F79EFBC}") = "LoggingService", "LoggingService\LoggingService.csproj", "{E640A484-7851-455A-B216-9F9DF3E417F2}"
EndProject
Global
	GlobalSection(SolutionConfigurationPlatforms) = preSolution
		Debug|Any CPU = Debug|Any CPU
		Release|Any CPU = Release|Any CPU
	EndGlobalSection
	GlobalSection(ProjectConfigurationPlatforms) = postSolution
		{AD12E407-AA32-469E-845A-E9A54F9F912D}.Debug|Any CPU.ActiveCfg = Debug|Any CPU
		{AD12E407-AA32-469E-845A-E9A54F9F912D}.Debug|Any CPU.Build.0 = Debug|Any CPU
		{AD12E407-AA32-469E-845A-E9A54F9F912D}.Release|Any CPU.ActiveCfg = Release|Any CPU
		{AD12E407-AA32-469E-845A-E9A54F9F912D}.Release|Any CPU.Build.0 = Release|Any CPU
		{E640A484-7851-455A-B216-9F9DF3E417F2}.Debug|Any CPU.ActiveCfg = Debug|Any CPU
		{E640A484-7851-455A-B216-9F9DF3E417F2}.Debug|Any CPU.Build.0 = Debug|Any CPU
		{E640A484-7851-455A-B216-9F9DF3E417F2}.Release|Any CPU.ActiveCfg = Release|Any CPU
		{E640A484-7851-455A-B216-9F9DF3E417F2}.Release|Any CPU.Build.0 = Release|Any CPU
	EndGlobalSection
	GlobalSection(SolutionProperties) = preSolution
		HideSolutionNode = FALSE
	EndGlobalSection
	GlobalSection(ExtensibilityGlobals) = postSolution
		SolutionGuid = {041C23D8-A232-46F6-8130-4F694E20FE60}
	EndGlobalSection
EndGlobal
