
Microsoft Visual Studio Solution File, Format Version 12.00
# Visual Studio Version 17
VisualStudioVersion = 17.13.35931.197
MinimumVisualStudioVersion = 10.0.40219.1
Project("{FAE04EC0-301F-11D3-BF4B-00C04F79EFBC}") = "CompanyEmployees", "CompanyEmployees\CompanyEmployees.csproj", "{AD12E407-AA32-469E-845A-E9A54F9F912D}"
EndProject
Project("{FAE04EC0-301F-11D3-BF4B-00C04F79EFBC}") = "LoggingService", "LoggingService\LoggingService.csproj", "{E640A484-7851-455A-B216-9F9DF3E417F2}"
EndProject
Project("{FAE04EC0-301F-11D3-BF4B-00C04F79EFBC}") = "CompanyEmployees.Core.Domain", "CompanyEmployees.Core.Domain\CompanyEmployees.Core.Domain.csproj", "{DF4AB6E4-28AE-4AFF-9720-4F3A8E3F93CA}"
EndProject
Project("{FAE04EC0-301F-11D3-BF4B-00C04F79EFBC}") = "CompanyEmployees.Infrastructure.Persistence", "CompanyEmployees.Infrastructure.Persistence\CompanyEmployees.Infrastructure.Persistence.csproj", "{67072AD8-1277-4D82-B589-34E3B43A9302}"
EndProject
Project("{FAE04EC0-301F-11D3-BF4B-00C04F79EFBC}") = "CompanyEmployees.Core.Services.Abstractions", "CompanyEmployees.Core.Services.Abstractions\CompanyEmployees.Core.Services.Abstractions.csproj", "{6A1F9D8E-9E73-4434-B9B2-F2ECD7F7F961}"
EndProject
Project("{FAE04EC0-301F-11D3-BF4B-00C04F79EFBC}") = "CompanyEmployees.Core.Services", "CompanyEmployees.Core.Services\CompanyEmployees.Core.Services.csproj", "{98BDC04E-0E25-426F-B5CD-FF96A576D8BF}"
EndProject
Project("{FAE04EC0-301F-11D3-BF4B-00C04F79EFBC}") = "CompanyEmployees.Infrastructure.Presentation", "CompanyEmployees.Infrastructure.Presentation\CompanyEmployees.Infrastructure.Presentation.csproj", "{09E3EEF5-2042-4460-8677-8ED877977815}"
EndProject
Global
	GlobalSection(SolutionConfigurationPlatforms) = preSolution
		Debug|Any CPU = Debug|Any CPU
		Release|Any CPU = Release|Any CPU
	EndGlobalSection
	GlobalSection(ProjectConfigurationPlatforms) = postSolution
		{AD12E407-AA32-469E-845A-E9A54F9F912D}.Debug|Any CPU.ActiveCfg = Debug|Any CPU
		{AD12E407-AA32-469E-845A-E9A54F9F912D}.Debug|Any CPU.Build.0 = Debug|Any CPU
		{AD12E407-AA32-469E-845A-E9A54F9F912D}.Release|Any CPU.ActiveCfg = Release|Any CPU
		{AD12E407-AA32-469E-845A-E9A54F9F912D}.Release|Any CPU.Build.0 = Release|Any CPU
		{E640A484-7851-455A-B216-9F9DF3E417F2}.Debug|Any CPU.ActiveCfg = Debug|Any CPU
		{E640A484-7851-455A-B216-9F9DF3E417F2}.Debug|Any CPU.Build.0 = Debug|Any CPU
		{E640A484-7851-455A-B216-9F9DF3E417F2}.Release|Any CPU.ActiveCfg = Release|Any CPU
		{E640A484-7851-455A-B216-9F9DF3E417F2}.Release|Any CPU.Build.0 = Release|Any CPU
		{DF4AB6E4-28AE-4AFF-9720-4F3A8E3F93CA}.Debug|Any CPU.ActiveCfg = Debug|Any CPU
		{DF4AB6E4-28AE-4AFF-9720-4F3A8E3F93CA}.Debug|Any CPU.Build.0 = Debug|Any CPU
		{DF4AB6E4-28AE-4AFF-9720-4F3A8E3F93CA}.Release|Any CPU.ActiveCfg = Release|Any CPU
		{DF4AB6E4-28AE-4AFF-9720-4F3A8E3F93CA}.Release|Any CPU.Build.0 = Release|Any CPU
		{67072AD8-1277-4D82-B589-34E3B43A9302}.Debug|Any CPU.ActiveCfg = Debug|Any CPU
		{67072AD8-1277-4D82-B589-34E3B43A9302}.Debug|Any CPU.Build.0 = Debug|Any CPU
		{67072AD8-1277-4D82-B589-34E3B43A9302}.Release|Any CPU.ActiveCfg = Release|Any CPU
		{67072AD8-1277-4D82-B589-34E3B43A9302}.Release|Any CPU.Build.0 = Release|Any CPU
		{6A1F9D8E-9E73-4434-B9B2-F2ECD7F7F961}.Debug|Any CPU.ActiveCfg = Debug|Any CPU
		{6A1F9D8E-9E73-4434-B9B2-F2ECD7F7F961}.Debug|Any CPU.Build.0 = Debug|Any CPU
		{6A1F9D8E-9E73-4434-B9B2-F2ECD7F7F961}.Release|Any CPU.ActiveCfg = Release|Any CPU
		{6A1F9D8E-9E73-4434-B9B2-F2ECD7F7F961}.Release|Any CPU.Build.0 = Release|Any CPU
		{98BDC04E-0E25-426F-B5CD-FF96A576D8BF}.Debug|Any CPU.ActiveCfg = Debug|Any CPU
		{98BDC04E-0E25-426F-B5CD-FF96A576D8BF}.Debug|Any CPU.Build.0 = Debug|Any CPU
		{98BDC04E-0E25-426F-B5CD-FF96A576D8BF}.Release|Any CPU.ActiveCfg = Release|Any CPU
		{98BDC04E-0E25-426F-B5CD-FF96A576D8BF}.Release|Any CPU.Build.0 = Release|Any CPU
		{09E3EEF5-2042-4460-8677-8ED877977815}.Debug|Any CPU.ActiveCfg = Debug|Any CPU
		{09E3EEF5-2042-4460-8677-8ED877977815}.Debug|Any CPU.Build.0 = Debug|Any CPU
		{09E3EEF5-2042-4460-8677-8ED877977815}.Release|Any CPU.ActiveCfg = Release|Any CPU
		{09E3EEF5-2042-4460-8677-8ED877977815}.Release|Any CPU.Build.0 = Release|Any CPU
	EndGlobalSection
	GlobalSection(SolutionProperties) = preSolution
		HideSolutionNode = FALSE
	EndGlobalSection
	GlobalSection(ExtensibilityGlobals) = postSolution
		SolutionGuid = {041C23D8-A232-46F6-8130-4F694E20FE60}
	EndGlobalSection
EndGlobal
